
Microsoft Visual Studio Solution File, Format Version 12.00
# Visual Studio 15
Project("{FAE04EC0-301F-11D3-BF4B-00C04F79EFBC}") = "UnityEngine.UI", "UnityEngine.UI.csproj", "{AB7FB381-1B21-5422-E396-C59DF8153BFB}"
EndProject
Project("{FAE04EC0-301F-11D3-BF4B-00C04F79EFBC}") = "Assembly-CSharp", "Assembly-CSharp.csproj", "{1573DDC3-1ADD-C332-F00D-FE3E57910A0E}"
EndProject
Project("{FAE04EC0-301F-11D3-BF4B-00C04F79EFBC}") = "UnityEditor.UI", "UnityEditor.UI.csproj", "{1E11853B-D12D-1D01-2538-D74F9A65805A}"
EndProject
Global
	GlobalSection(SolutionConfigurationPlatforms) = preSolution
		Debug|Any CPU = Debug|Any CPU
		Release|Any CPU = Release|Any CPU
	EndGlobalSection
	GlobalSection(ProjectConfigurationPlatforms) = postSolution
		{AB7FB381-1B21-5422-E396-C59DF8153BFB}.Debug|Any CPU.ActiveCfg = Debug|Any CPU
		{AB7FB381-1B21-5422-E396-C59DF8153BFB}.Debug|Any CPU.Build.0 = Debug|Any CPU
		{AB7FB381-1B21-5422-E396-C59DF8153BFB}.Release|Any CPU.ActiveCfg = Release|Any CPU
		{AB7FB381-1B21-5422-E396-C59DF8153BFB}.Release|Any CPU.Build.0 = Release|Any CPU
		{1573DDC3-1ADD-C332-F00D-FE3E57910A0E}.Debug|Any CPU.ActiveCfg = Debug|Any CPU
		{1573DDC3-1ADD-C332-F00D-FE3E57910A0E}.Debug|Any CPU.Build.0 = Debug|Any CPU
		{1573DDC3-1ADD-C332-F00D-FE3E57910A0E}.Release|Any CPU.ActiveCfg = Release|Any CPU
		{1573DDC3-1ADD-C332-F00D-FE3E57910A0E}.Release|Any CPU.Build.0 = Release|Any CPU
		{1E11853B-D12D-1D01-2538-D74F9A65805A}.Debug|Any CPU.ActiveCfg = Debug|Any CPU
		{1E11853B-D12D-1D01-2538-D74F9A65805A}.Debug|Any CPU.Build.0 = Debug|Any CPU
		{1E11853B-D12D-1D01-2538-D74F9A65805A}.Release|Any CPU.ActiveCfg = Release|Any CPU
		{1E11853B-D12D-1D01-2538-D74F9A65805A}.Release|Any CPU.Build.0 = Release|Any CPU
	EndGlobalSection
	GlobalSection(SolutionProperties) = preSolution
		HideSolutionNode = FALSE
	EndGlobalSection
EndGlobal
